
Microsoft Visual Studio Solution File, Format Version 12.00
# Visual Studio Version 17
VisualStudioVersion = 17.1.32421.90
MinimumVisualStudioVersion = 10.0.40219.1
Project("{FAE04EC0-301F-11D3-BF4B-00C04F79EFBC}") = "CalculatorLibrary", "CalculatorLibrary\CalculatorLibrary.csproj", "{269791B0-0994-411F-A05D-AFDD78B874B4}"
EndProject
Project("{FAE04EC0-301F-11D3-BF4B-00C04F79EFBC}") = "CalculatorLibrary.Tests.Unit", "CalculatorLibrary.Tests.Unit\CalculatorLibrary.Tests.Unit.csproj", "{36E920DA-F1C8-498A-9FEA-037D8B585CCB}"
EndProject
Global
	GlobalSection(SolutionConfigurationPlatforms) = preSolution
		Debug|Any CPU = Debug|Any CPU
		Release|Any CPU = Release|Any CPU
	EndGlobalSection
	GlobalSection(ProjectConfigurationPlatforms) = postSolution
		{269791B0-0994-411F-A05D-AFDD78B874B4}.Debug|Any CPU.ActiveCfg = Debug|Any CPU
		{269791B0-0994-411F-A05D-AFDD78B874B4}.Debug|Any CPU.Build.0 = Debug|Any CPU
		{269791B0-0994-411F-A05D-AFDD78B874B4}.Release|Any CPU.ActiveCfg = Release|Any CPU
		{269791B0-0994-411F-A05D-AFDD78B874B4}.Release|Any CPU.Build.0 = Release|Any CPU
		{36E920DA-F1C8-498A-9FEA-037D8B585CCB}.Debug|Any CPU.ActiveCfg = Debug|Any CPU
		{36E920DA-F1C8-498A-9FEA-037D8B585CCB}.Debug|Any CPU.Build.0 = Debug|Any CPU
		{36E920DA-F1C8-498A-9FEA-037D8B585CCB}.Release|Any CPU.ActiveCfg = Release|Any CPU
		{36E920DA-F1C8-498A-9FEA-037D8B585CCB}.Release|Any CPU.Build.0 = Release|Any CPU
	EndGlobalSection
	GlobalSection(SolutionProperties) = preSolution
		HideSolutionNode = FALSE
	EndGlobalSection
	GlobalSection(ExtensibilityGlobals) = postSolution
		SolutionGuid = {16FF3DFD-B78B-40A6-B488-4825B86AE465}
	EndGlobalSection
EndGlobal
